
Microsoft Visual Studio Solution File, Format Version 12.00
# Visual Studio Version 17
VisualStudioVersion = 17.2.32602.215
MinimumVisualStudioVersion = 10.0.40219.1
Project("{FAE04EC0-301F-11D3-BF4B-00C04F79EFBC}") = "ShortUrlExam", "ShortUrlExam\ShortUrlExam.csproj", "{C63D6726-D0A4-413B-8DCE-88B183C607D2}"
EndProject
Project("{FAE04EC0-301F-11D3-BF4B-00C04F79EFBC}") = "ShortUrl_WebDriverTests", "ShortUrl_WebDriverTests\ShortUrl_WebDriverTests.csproj", "{6ED6844D-8C76-4950-B1FC-516BFB37C9EF}"
EndProject
Project("{FAE04EC0-301F-11D3-BF4B-00C04F79EFBC}") = "ShortUrl_DesktopTests", "ShortUrl_DesktopTests\ShortUrl_DesktopTests.csproj", "{63F9E296-EFBF-4F33-A280-CF2728E85C4A}"
EndProject
Global
	GlobalSection(SolutionConfigurationPlatforms) = preSolution
		Debug|Any CPU = Debug|Any CPU
		Release|Any CPU = Release|Any CPU
	EndGlobalSection
	GlobalSection(ProjectConfigurationPlatforms) = postSolution
		{C63D6726-D0A4-413B-8DCE-88B183C607D2}.Debug|Any CPU.ActiveCfg = Debug|Any CPU
		{C63D6726-D0A4-413B-8DCE-88B183C607D2}.Debug|Any CPU.Build.0 = Debug|Any CPU
		{C63D6726-D0A4-413B-8DCE-88B183C607D2}.Release|Any CPU.ActiveCfg = Release|Any CPU
		{C63D6726-D0A4-413B-8DCE-88B183C607D2}.Release|Any CPU.Build.0 = Release|Any CPU
		{6ED6844D-8C76-4950-B1FC-516BFB37C9EF}.Debug|Any CPU.ActiveCfg = Debug|Any CPU
		{6ED6844D-8C76-4950-B1FC-516BFB37C9EF}.Debug|Any CPU.Build.0 = Debug|Any CPU
		{6ED6844D-8C76-4950-B1FC-516BFB37C9EF}.Release|Any CPU.ActiveCfg = Release|Any CPU
		{6ED6844D-8C76-4950-B1FC-516BFB37C9EF}.Release|Any CPU.Build.0 = Release|Any CPU
		{63F9E296-EFBF-4F33-A280-CF2728E85C4A}.Debug|Any CPU.ActiveCfg = Debug|Any CPU
		{63F9E296-EFBF-4F33-A280-CF2728E85C4A}.Debug|Any CPU.Build.0 = Debug|Any CPU
		{63F9E296-EFBF-4F33-A280-CF2728E85C4A}.Release|Any CPU.ActiveCfg = Release|Any CPU
		{63F9E296-EFBF-4F33-A280-CF2728E85C4A}.Release|Any CPU.Build.0 = Release|Any CPU
	EndGlobalSection
	GlobalSection(SolutionProperties) = preSolution
		HideSolutionNode = FALSE
	EndGlobalSection
	GlobalSection(ExtensibilityGlobals) = postSolution
		SolutionGuid = {57109D1E-0B8A-4F10-B32D-6337E87EADF0}
	EndGlobalSection
EndGlobal
